# This file is autogenerated, do not edit; changes may be undone by the next 'dep ensure'.


[[projects]]
  name = "github.com/golang/protobuf"
  packages = ["proto"]
  revision = "aa810b61a9c79d51363740d207bb46cf8e620ed5"
  version = "v1.2.0"

[solve-meta]
  analyzer-name = "dep"
  analyzer-version = 1
  inputs-digest = "d62c2a5c22607b1bc5502d9a791487d97d616e3d66dca9202d76a7cf409cbab8"
  solver-name = "gps-cdcl"
  solver-version = 1
